
Microsoft Visual Studio Solution File, Format Version 12.00
Project("{FAE04EC0-301F-11D3-BF4B-00C04F79EFBC}") = "Dyreinternat", "Dyreinternat\Dyreinternat.csproj", "{5DF98247-E5E6-4CBC-8418-3BF53EF3EDBA}"
EndProject
Global
	GlobalSection(SolutionConfigurationPlatforms) = preSolution
		Debug|Any CPU = Debug|Any CPU
		Release|Any CPU = Release|Any CPU
	EndGlobalSection
	GlobalSection(ProjectConfigurationPlatforms) = postSolution
		{5DF98247-E5E6-4CBC-8418-3BF53EF3EDBA}.Debug|Any CPU.ActiveCfg = Debug|Any CPU
		{5DF98247-E5E6-4CBC-8418-3BF53EF3EDBA}.Debug|Any CPU.Build.0 = Debug|Any CPU
		{5DF98247-E5E6-4CBC-8418-3BF53EF3EDBA}.Release|Any CPU.ActiveCfg = Release|Any CPU
		{5DF98247-E5E6-4CBC-8418-3BF53EF3EDBA}.Release|Any CPU.Build.0 = Release|Any CPU
	EndGlobalSection
EndGlobal
